
Microsoft Visual Studio Solution File, Format Version 12.00
# Visual Studio Version 16
VisualStudioVersion = 16.0.29926.136
MinimumVisualStudioVersion = 10.0.40219.1
Project("{9A19103F-16F7-4668-BE54-9A1E7A4F7556}") = "Dating_Api", "Dating_Api\Dating_Api.csproj", "{789E6A85-F48C-45F2-9172-A569D19BFBA1}"
EndProject
Project("{FAE04EC0-301F-11D3-BF4B-00C04F79EFBC}") = "Dating_Angular", "Dating_Angular\Dating_Angular.csproj", "{1DC98DBE-A959-4C0B-B16C-C51E6919E3DB}"
EndProject
Global
	GlobalSection(SolutionConfigurationPlatforms) = preSolution
		Debug|Any CPU = Debug|Any CPU
		Release|Any CPU = Release|Any CPU
	EndGlobalSection
	GlobalSection(ProjectConfigurationPlatforms) = postSolution
		{789E6A85-F48C-45F2-9172-A569D19BFBA1}.Debug|Any CPU.ActiveCfg = Debug|Any CPU
		{789E6A85-F48C-45F2-9172-A569D19BFBA1}.Debug|Any CPU.Build.0 = Debug|Any CPU
		{789E6A85-F48C-45F2-9172-A569D19BFBA1}.Release|Any CPU.ActiveCfg = Release|Any CPU
		{789E6A85-F48C-45F2-9172-A569D19BFBA1}.Release|Any CPU.Build.0 = Release|Any CPU
		{1DC98DBE-A959-4C0B-B16C-C51E6919E3DB}.Debug|Any CPU.ActiveCfg = Debug|Any CPU
		{1DC98DBE-A959-4C0B-B16C-C51E6919E3DB}.Debug|Any CPU.Build.0 = Debug|Any CPU
		{1DC98DBE-A959-4C0B-B16C-C51E6919E3DB}.Release|Any CPU.ActiveCfg = Release|Any CPU
		{1DC98DBE-A959-4C0B-B16C-C51E6919E3DB}.Release|Any CPU.Build.0 = Release|Any CPU
	EndGlobalSection
	GlobalSection(SolutionProperties) = preSolution
		HideSolutionNode = FALSE
	EndGlobalSection
	GlobalSection(ExtensibilityGlobals) = postSolution
		SolutionGuid = {AF918845-8CB3-4DB7-8AB8-0C760364C670}
	EndGlobalSection
EndGlobal
